
Microsoft Visual Studio Solution File, Format Version 12.00
# Visual Studio Version 17
VisualStudioVersion = 17.6.33829.357
MinimumVisualStudioVersion = 10.0.40219.1
Project("{2150E333-8FDC-42A3-9474-1A3956D46DE8}") = "ApiConsume", "ApiConsume", "{2F43AC86-2539-49E6-AB5F-EACF380DC702}"
EndProject
Project("{9A19103F-16F7-4668-BE54-9A1E7A4F7556}") = "EmlakProject.DataAccessLayer", "EmlakProject.DataAccessLayer\EmlakProject.DataAccessLayer.csproj", "{F6475979-6BE6-4CD8-B941-6F2EFE8F4660}"
EndProject
Project("{9A19103F-16F7-4668-BE54-9A1E7A4F7556}") = "EmlakProject.EntityLayer", "EmlakProject.EntityLayer\EmlakProject.EntityLayer.csproj", "{DA8E9852-5A0D-43FC-9E60-57B8B69831C4}"
EndProject
Project("{9A19103F-16F7-4668-BE54-9A1E7A4F7556}") = "EmlakProject.WebApi", "EmlakProject.WebApi\EmlakProject.WebApi.csproj", "{10B7FFFA-E7BC-4C3C-A647-AC63AE58971C}"
EndProject
Project("{2150E333-8FDC-42A3-9474-1A3956D46DE8}") = "Frontend", "Frontend", "{8C166C04-62B7-435A-8AB8-276C697DABCE}"
EndProject
Project("{9A19103F-16F7-4668-BE54-9A1E7A4F7556}") = "EmlakProject.WebUI", "EmlakProject.WebUI\EmlakProject.WebUI.csproj", "{9BA0CCE9-3F28-4FA9-92FA-3B06B0F1D02C}"
EndProject
Global
	GlobalSection(SolutionConfigurationPlatforms) = preSolution
		Debug|Any CPU = Debug|Any CPU
		Release|Any CPU = Release|Any CPU
	EndGlobalSection
	GlobalSection(ProjectConfigurationPlatforms) = postSolution
		{F6475979-6BE6-4CD8-B941-6F2EFE8F4660}.Debug|Any CPU.ActiveCfg = Debug|Any CPU
		{F6475979-6BE6-4CD8-B941-6F2EFE8F4660}.Debug|Any CPU.Build.0 = Debug|Any CPU
		{F6475979-6BE6-4CD8-B941-6F2EFE8F4660}.Release|Any CPU.ActiveCfg = Release|Any CPU
		{F6475979-6BE6-4CD8-B941-6F2EFE8F4660}.Release|Any CPU.Build.0 = Release|Any CPU
		{DA8E9852-5A0D-43FC-9E60-57B8B69831C4}.Debug|Any CPU.ActiveCfg = Debug|Any CPU
		{DA8E9852-5A0D-43FC-9E60-57B8B69831C4}.Debug|Any CPU.Build.0 = Debug|Any CPU
		{DA8E9852-5A0D-43FC-9E60-57B8B69831C4}.Release|Any CPU.ActiveCfg = Release|Any CPU
		{DA8E9852-5A0D-43FC-9E60-57B8B69831C4}.Release|Any CPU.Build.0 = Release|Any CPU
		{10B7FFFA-E7BC-4C3C-A647-AC63AE58971C}.Debug|Any CPU.ActiveCfg = Debug|Any CPU
		{10B7FFFA-E7BC-4C3C-A647-AC63AE58971C}.Debug|Any CPU.Build.0 = Debug|Any CPU
		{10B7FFFA-E7BC-4C3C-A647-AC63AE58971C}.Release|Any CPU.ActiveCfg = Release|Any CPU
		{10B7FFFA-E7BC-4C3C-A647-AC63AE58971C}.Release|Any CPU.Build.0 = Release|Any CPU
		{9BA0CCE9-3F28-4FA9-92FA-3B06B0F1D02C}.Debug|Any CPU.ActiveCfg = Debug|Any CPU
		{9BA0CCE9-3F28-4FA9-92FA-3B06B0F1D02C}.Debug|Any CPU.Build.0 = Debug|Any CPU
		{9BA0CCE9-3F28-4FA9-92FA-3B06B0F1D02C}.Release|Any CPU.ActiveCfg = Release|Any CPU
		{9BA0CCE9-3F28-4FA9-92FA-3B06B0F1D02C}.Release|Any CPU.Build.0 = Release|Any CPU
	EndGlobalSection
	GlobalSection(SolutionProperties) = preSolution
		HideSolutionNode = FALSE
	EndGlobalSection
	GlobalSection(NestedProjects) = preSolution
		{F6475979-6BE6-4CD8-B941-6F2EFE8F4660} = {2F43AC86-2539-49E6-AB5F-EACF380DC702}
		{DA8E9852-5A0D-43FC-9E60-57B8B69831C4} = {2F43AC86-2539-49E6-AB5F-EACF380DC702}
		{10B7FFFA-E7BC-4C3C-A647-AC63AE58971C} = {2F43AC86-2539-49E6-AB5F-EACF380DC702}
		{9BA0CCE9-3F28-4FA9-92FA-3B06B0F1D02C} = {8C166C04-62B7-435A-8AB8-276C697DABCE}
	EndGlobalSection
	GlobalSection(ExtensibilityGlobals) = postSolution
		SolutionGuid = {858E8AB4-7F63-4F1F-B21F-2C3E44C6F10D}
	EndGlobalSection
EndGlobal
